
Microsoft Visual Studio Solution File, Format Version 12.00
# Visual Studio Version 16
VisualStudioVersion = 16.0.809.7
MinimumVisualStudioVersion = 10.0.40219.1
Project("{FAE04EC0-301F-11D3-BF4B-00C04F79EFBC}") = "RoutineReminder.Android", "RoutineReminder.Android\RoutineReminder.Android.csproj", "{ACCF0215-FA02-40E1-9936-9B9E35034905}"
EndProject
Project("{FAE04EC0-301F-11D3-BF4B-00C04F79EFBC}") = "RoutineReminder.iOS", "RoutineReminder.iOS\RoutineReminder.iOS.csproj", "{855B1469-09BA-4082-BB50-28EB52A3DFB1}"
EndProject
Project("{FAE04EC0-301F-11D3-BF4B-00C04F79EFBC}") = "RoutineReminder", "RoutineReminder\RoutineReminder.csproj", "{2B7587DF-8B21-4908-B02A-B2A8311D2A37}"
EndProject
Global
	GlobalSection(SolutionConfigurationPlatforms) = preSolution
		Debug|Any CPU = Debug|Any CPU
		Release|Any CPU = Release|Any CPU
		Debug|iPhoneSimulator = Debug|iPhoneSimulator
		Release|iPhoneSimulator = Release|iPhoneSimulator
		Debug|iPhone = Debug|iPhone
		Release|iPhone = Release|iPhone
	EndGlobalSection
	GlobalSection(ProjectConfigurationPlatforms) = postSolution
		{ACCF0215-FA02-40E1-9936-9B9E35034905}.Debug|Any CPU.ActiveCfg = Debug|Any CPU
		{ACCF0215-FA02-40E1-9936-9B9E35034905}.Debug|Any CPU.Build.0 = Debug|Any CPU
		{ACCF0215-FA02-40E1-9936-9B9E35034905}.Release|Any CPU.ActiveCfg = Release|Any CPU
		{ACCF0215-FA02-40E1-9936-9B9E35034905}.Release|Any CPU.Build.0 = Release|Any CPU
		{ACCF0215-FA02-40E1-9936-9B9E35034905}.Debug|iPhoneSimulator.ActiveCfg = Debug|Any CPU
		{ACCF0215-FA02-40E1-9936-9B9E35034905}.Debug|iPhoneSimulator.Build.0 = Debug|Any CPU
		{ACCF0215-FA02-40E1-9936-9B9E35034905}.Release|iPhoneSimulator.ActiveCfg = Release|Any CPU
		{ACCF0215-FA02-40E1-9936-9B9E35034905}.Release|iPhoneSimulator.Build.0 = Release|Any CPU
		{ACCF0215-FA02-40E1-9936-9B9E35034905}.Debug|iPhone.ActiveCfg = Debug|Any CPU
		{ACCF0215-FA02-40E1-9936-9B9E35034905}.Debug|iPhone.Build.0 = Debug|Any CPU
		{ACCF0215-FA02-40E1-9936-9B9E35034905}.Release|iPhone.ActiveCfg = Release|Any CPU
		{ACCF0215-FA02-40E1-9936-9B9E35034905}.Release|iPhone.Build.0 = Release|Any CPU
		{855B1469-09BA-4082-BB50-28EB52A3DFB1}.Debug|Any CPU.ActiveCfg = Debug|iPhoneSimulator
		{855B1469-09BA-4082-BB50-28EB52A3DFB1}.Debug|Any CPU.Build.0 = Debug|iPhoneSimulator
		{855B1469-09BA-4082-BB50-28EB52A3DFB1}.Release|Any CPU.ActiveCfg = Release|iPhoneSimulator
		{855B1469-09BA-4082-BB50-28EB52A3DFB1}.Release|Any CPU.Build.0 = Release|iPhoneSimulator
		{855B1469-09BA-4082-BB50-28EB52A3DFB1}.Debug|iPhoneSimulator.ActiveCfg = Debug|iPhoneSimulator
		{855B1469-09BA-4082-BB50-28EB52A3DFB1}.Debug|iPhoneSimulator.Build.0 = Debug|iPhoneSimulator
		{855B1469-09BA-4082-BB50-28EB52A3DFB1}.Release|iPhoneSimulator.ActiveCfg = Release|iPhoneSimulator
		{855B1469-09BA-4082-BB50-28EB52A3DFB1}.Release|iPhoneSimulator.Build.0 = Release|iPhoneSimulator
		{855B1469-09BA-4082-BB50-28EB52A3DFB1}.Debug|iPhone.ActiveCfg = Debug|iPhone
		{855B1469-09BA-4082-BB50-28EB52A3DFB1}.Debug|iPhone.Build.0 = Debug|iPhone
		{855B1469-09BA-4082-BB50-28EB52A3DFB1}.Release|iPhone.ActiveCfg = Release|iPhone
		{855B1469-09BA-4082-BB50-28EB52A3DFB1}.Release|iPhone.Build.0 = Release|iPhone
		{2B7587DF-8B21-4908-B02A-B2A8311D2A37}.Debug|Any CPU.ActiveCfg = Debug|Any CPU
		{2B7587DF-8B21-4908-B02A-B2A8311D2A37}.Debug|Any CPU.Build.0 = Debug|Any CPU
		{2B7587DF-8B21-4908-B02A-B2A8311D2A37}.Release|Any CPU.ActiveCfg = Release|Any CPU
		{2B7587DF-8B21-4908-B02A-B2A8311D2A37}.Release|Any CPU.Build.0 = Release|Any CPU
		{2B7587DF-8B21-4908-B02A-B2A8311D2A37}.Debug|iPhoneSimulator.ActiveCfg = Debug|Any CPU
		{2B7587DF-8B21-4908-B02A-B2A8311D2A37}.Debug|iPhoneSimulator.Build.0 = Debug|Any CPU
		{2B7587DF-8B21-4908-B02A-B2A8311D2A37}.Release|iPhoneSimulator.ActiveCfg = Release|Any CPU
		{2B7587DF-8B21-4908-B02A-B2A8311D2A37}.Release|iPhoneSimulator.Build.0 = Release|Any CPU
		{2B7587DF-8B21-4908-B02A-B2A8311D2A37}.Debug|iPhone.ActiveCfg = Debug|Any CPU
		{2B7587DF-8B21-4908-B02A-B2A8311D2A37}.Debug|iPhone.Build.0 = Debug|Any CPU
		{2B7587DF-8B21-4908-B02A-B2A8311D2A37}.Release|iPhone.ActiveCfg = Release|Any CPU
		{2B7587DF-8B21-4908-B02A-B2A8311D2A37}.Release|iPhone.Build.0 = Release|Any CPU
	EndGlobalSection
	GlobalSection(SolutionProperties) = preSolution
		HideSolutionNode = FALSE
	EndGlobalSection
	GlobalSection(ExtensibilityGlobals) = postSolution
		SolutionGuid = {21B94F3E-D809-4689-8D93-845C72525D57}
	EndGlobalSection
EndGlobal
